
Microsoft Visual Studio Solution File, Format Version 12.00
# Visual Studio Version 17
VisualStudioVersion = 17.0.32014.148
MinimumVisualStudioVersion = 10.0.40219.1
Project("{8BC9CEB8-8B4A-11D0-8D11-00A0C91BC942}") = "statements", "statements\statements.vcxproj", "{F27CB55F-F080-4B17-BAE1-9DDB450D1251}"
EndProject
Project("{8BC9CEB8-8B4A-11D0-8D11-00A0C91BC942}") = "Containers", "Containers\Containers.vcxproj", "{E6B2DD0A-1E94-4C38-9616-3D4AED78EECE}"
EndProject
Project("{8BC9CEB8-8B4A-11D0-8D11-00A0C91BC942}") = "immutability", "immutability\immutability.vcxproj", "{9FDD76C3-2392-4549-8C1E-7BB22F0560A9}"
EndProject
Project("{8BC9CEB8-8B4A-11D0-8D11-00A0C91BC942}") = "data_structures", "data_structures\data_structures.vcxproj", "{6E644542-0F94-4F86-9806-B7D771CCA6CC}"
EndProject
Project("{8BC9CEB8-8B4A-11D0-8D11-00A0C91BC942}") = "interfaces", "interfaces\interfaces.vcxproj", "{5F46C0FD-9A6E-4326-A678-C5C1674B4C52}"
EndProject
Project("{8BC9CEB8-8B4A-11D0-8D11-00A0C91BC942}") = "operators", "operators\operators.vcxproj", "{2AA2CE19-A223-4434-91AE-9A149AB3E13A}"
EndProject
Project("{8BC9CEB8-8B4A-11D0-8D11-00A0C91BC942}") = "input_output", "input_output\input_output.vcxproj", "{3E1CA9B7-3466-4D23-A343-8E06BB423DBA}"
EndProject
Global
	GlobalSection(SolutionConfigurationPlatforms) = preSolution
		Debug|x64 = Debug|x64
		Debug|x86 = Debug|x86
		Release|x64 = Release|x64
		Release|x86 = Release|x86
	EndGlobalSection
	GlobalSection(ProjectConfigurationPlatforms) = postSolution
		{F27CB55F-F080-4B17-BAE1-9DDB450D1251}.Debug|x64.ActiveCfg = Debug|x64
		{F27CB55F-F080-4B17-BAE1-9DDB450D1251}.Debug|x64.Build.0 = Debug|x64
		{F27CB55F-F080-4B17-BAE1-9DDB450D1251}.Debug|x86.ActiveCfg = Debug|Win32
		{F27CB55F-F080-4B17-BAE1-9DDB450D1251}.Debug|x86.Build.0 = Debug|Win32
		{F27CB55F-F080-4B17-BAE1-9DDB450D1251}.Release|x64.ActiveCfg = Release|x64
		{F27CB55F-F080-4B17-BAE1-9DDB450D1251}.Release|x64.Build.0 = Release|x64
		{F27CB55F-F080-4B17-BAE1-9DDB450D1251}.Release|x86.ActiveCfg = Release|Win32
		{F27CB55F-F080-4B17-BAE1-9DDB450D1251}.Release|x86.Build.0 = Release|Win32
		{E6B2DD0A-1E94-4C38-9616-3D4AED78EECE}.Debug|x64.ActiveCfg = Debug|x64
		{E6B2DD0A-1E94-4C38-9616-3D4AED78EECE}.Debug|x64.Build.0 = Debug|x64
		{E6B2DD0A-1E94-4C38-9616-3D4AED78EECE}.Debug|x86.ActiveCfg = Debug|Win32
		{E6B2DD0A-1E94-4C38-9616-3D4AED78EECE}.Debug|x86.Build.0 = Debug|Win32
		{E6B2DD0A-1E94-4C38-9616-3D4AED78EECE}.Release|x64.ActiveCfg = Release|x64
		{E6B2DD0A-1E94-4C38-9616-3D4AED78EECE}.Release|x64.Build.0 = Release|x64
		{E6B2DD0A-1E94-4C38-9616-3D4AED78EECE}.Release|x86.ActiveCfg = Release|Win32
		{E6B2DD0A-1E94-4C38-9616-3D4AED78EECE}.Release|x86.Build.0 = Release|Win32
		{9FDD76C3-2392-4549-8C1E-7BB22F0560A9}.Debug|x64.ActiveCfg = Debug|x64
		{9FDD76C3-2392-4549-8C1E-7BB22F0560A9}.Debug|x64.Build.0 = Debug|x64
		{9FDD76C3-2392-4549-8C1E-7BB22F0560A9}.Debug|x86.ActiveCfg = Debug|Win32
		{9FDD76C3-2392-4549-8C1E-7BB22F0560A9}.Debug|x86.Build.0 = Debug|Win32
		{9FDD76C3-2392-4549-8C1E-7BB22F0560A9}.Release|x64.ActiveCfg = Release|x64
		{9FDD76C3-2392-4549-8C1E-7BB22F0560A9}.Release|x64.Build.0 = Release|x64
		{9FDD76C3-2392-4549-8C1E-7BB22F0560A9}.Release|x86.ActiveCfg = Release|Win32
		{9FDD76C3-2392-4549-8C1E-7BB22F0560A9}.Release|x86.Build.0 = Release|Win32
		{6E644542-0F94-4F86-9806-B7D771CCA6CC}.Debug|x64.ActiveCfg = Debug|x64
		{6E644542-0F94-4F86-9806-B7D771CCA6CC}.Debug|x64.Build.0 = Debug|x64
		{6E644542-0F94-4F86-9806-B7D771CCA6CC}.Debug|x86.ActiveCfg = Debug|Win32
		{6E644542-0F94-4F86-9806-B7D771CCA6CC}.Debug|x86.Build.0 = Debug|Win32
		{6E644542-0F94-4F86-9806-B7D771CCA6CC}.Release|x64.ActiveCfg = Release|x64
		{6E644542-0F94-4F86-9806-B7D771CCA6CC}.Release|x64.Build.0 = Release|x64
		{6E644542-0F94-4F86-9806-B7D771CCA6CC}.Release|x86.ActiveCfg = Release|Win32
		{6E644542-0F94-4F86-9806-B7D771CCA6CC}.Release|x86.Build.0 = Release|Win32
		{5F46C0FD-9A6E-4326-A678-C5C1674B4C52}.Debug|x64.ActiveCfg = Debug|x64
		{5F46C0FD-9A6E-4326-A678-C5C1674B4C52}.Debug|x64.Build.0 = Debug|x64
		{5F46C0FD-9A6E-4326-A678-C5C1674B4C52}.Debug|x86.ActiveCfg = Debug|Win32
		{5F46C0FD-9A6E-4326-A678-C5C1674B4C52}.Debug|x86.Build.0 = Debug|Win32
		{5F46C0FD-9A6E-4326-A678-C5C1674B4C52}.Release|x64.ActiveCfg = Release|x64
		{5F46C0FD-9A6E-4326-A678-C5C1674B4C52}.Release|x64.Build.0 = Release|x64
		{5F46C0FD-9A6E-4326-A678-C5C1674B4C52}.Release|x86.ActiveCfg = Release|Win32
		{5F46C0FD-9A6E-4326-A678-C5C1674B4C52}.Release|x86.Build.0 = Release|Win32
		{2AA2CE19-A223-4434-91AE-9A149AB3E13A}.Debug|x64.ActiveCfg = Debug|x64
		{2AA2CE19-A223-4434-91AE-9A149AB3E13A}.Debug|x64.Build.0 = Debug|x64
		{2AA2CE19-A223-4434-91AE-9A149AB3E13A}.Debug|x86.ActiveCfg = Debug|Win32
		{2AA2CE19-A223-4434-91AE-9A149AB3E13A}.Debug|x86.Build.0 = Debug|Win32
		{2AA2CE19-A223-4434-91AE-9A149AB3E13A}.Release|x64.ActiveCfg = Release|x64
		{2AA2CE19-A223-4434-91AE-9A149AB3E13A}.Release|x64.Build.0 = Release|x64
		{2AA2CE19-A223-4434-91AE-9A149AB3E13A}.Release|x86.ActiveCfg = Release|Win32
		{2AA2CE19-A223-4434-91AE-9A149AB3E13A}.Release|x86.Build.0 = Release|Win32
		{3E1CA9B7-3466-4D23-A343-8E06BB423DBA}.Debug|x64.ActiveCfg = Debug|x64
		{3E1CA9B7-3466-4D23-A343-8E06BB423DBA}.Debug|x64.Build.0 = Debug|x64
		{3E1CA9B7-3466-4D23-A343-8E06BB423DBA}.Debug|x86.ActiveCfg = Debug|Win32
		{3E1CA9B7-3466-4D23-A343-8E06BB423DBA}.Debug|x86.Build.0 = Debug|Win32
		{3E1CA9B7-3466-4D23-A343-8E06BB423DBA}.Release|x64.ActiveCfg = Release|x64
		{3E1CA9B7-3466-4D23-A343-8E06BB423DBA}.Release|x64.Build.0 = Release|x64
		{3E1CA9B7-3466-4D23-A343-8E06BB423DBA}.Release|x86.ActiveCfg = Release|Win32
		{3E1CA9B7-3466-4D23-A343-8E06BB423DBA}.Release|x86.Build.0 = Release|Win32
	EndGlobalSection
	GlobalSection(SolutionProperties) = preSolution
		HideSolutionNode = FALSE
	EndGlobalSection
	GlobalSection(ExtensibilityGlobals) = postSolution
		SolutionGuid = {C0B4CD2D-29F9-433D-9C71-2B58F2E67EA6}
	EndGlobalSection
EndGlobal
